
Microsoft Visual Studio Solution File, Format Version 12.00
# Visual Studio Version 17
VisualStudioVersion = 17.9.34622.214
MinimumVisualStudioVersion = 10.0.40219.1
Project("{9A19103F-16F7-4668-BE54-9A1E7A4F7556}") = "Biblioteka", "Ksiegarnia\Biblioteka.csproj", "{2857E5A0-9CA5-40F2-AFB6-135057C224B0}"
EndProject
Project("{9A19103F-16F7-4668-BE54-9A1E7A4F7556}") = "Biblioteka.Desktop", "Ksiegarnia.Desktop\Biblioteka.Desktop.csproj", "{3B72880B-7BCB-499C-87D4-0E777F52AD2E}"
EndProject
Global
	GlobalSection(SolutionConfigurationPlatforms) = preSolution
		Debug|Any CPU = Debug|Any CPU
		Release|Any CPU = Release|Any CPU
	EndGlobalSection
	GlobalSection(ProjectConfigurationPlatforms) = postSolution
		{2857E5A0-9CA5-40F2-AFB6-135057C224B0}.Debug|Any CPU.ActiveCfg = Debug|Any CPU
		{2857E5A0-9CA5-40F2-AFB6-135057C224B0}.Debug|Any CPU.Build.0 = Debug|Any CPU
		{2857E5A0-9CA5-40F2-AFB6-135057C224B0}.Release|Any CPU.ActiveCfg = Release|Any CPU
		{2857E5A0-9CA5-40F2-AFB6-135057C224B0}.Release|Any CPU.Build.0 = Release|Any CPU
		{3B72880B-7BCB-499C-87D4-0E777F52AD2E}.Debug|Any CPU.ActiveCfg = Debug|Any CPU
		{3B72880B-7BCB-499C-87D4-0E777F52AD2E}.Debug|Any CPU.Build.0 = Debug|Any CPU
		{3B72880B-7BCB-499C-87D4-0E777F52AD2E}.Release|Any CPU.ActiveCfg = Release|Any CPU
		{3B72880B-7BCB-499C-87D4-0E777F52AD2E}.Release|Any CPU.Build.0 = Release|Any CPU
	EndGlobalSection
	GlobalSection(SolutionProperties) = preSolution
		HideSolutionNode = FALSE
	EndGlobalSection
	GlobalSection(ExtensibilityGlobals) = postSolution
		SolutionGuid = {64A49837-BF50-496F-9404-CC87E22DBEAB}
	EndGlobalSection
EndGlobal
